
Microsoft Visual Studio Solution File, Format Version 11.00
# Visual Studio 2010
# SharpDevelop 5.1
Project("{FAE04EC0-301F-11D3-BF4B-00C04F79EFBC}") = "factorial recursion", "factorial recursion\factorial recursion.csproj", "{C6A8BC2C-D29E-486A-8A6E-899FE7063DB4}"
EndProject
Global
	GlobalSection(SolutionConfigurationPlatforms) = preSolution
		Debug|Any CPU = Debug|Any CPU
		Release|Any CPU = Release|Any CPU
	EndGlobalSection
	GlobalSection(ProjectConfigurationPlatforms) = postSolution
		{C6A8BC2C-D29E-486A-8A6E-899FE7063DB4}.Debug|Any CPU.ActiveCfg = Debug|Any CPU
		{C6A8BC2C-D29E-486A-8A6E-899FE7063DB4}.Debug|Any CPU.Build.0 = Debug|Any CPU
		{C6A8BC2C-D29E-486A-8A6E-899FE7063DB4}.Release|Any CPU.ActiveCfg = Release|Any CPU
		{C6A8BC2C-D29E-486A-8A6E-899FE7063DB4}.Release|Any CPU.Build.0 = Release|Any CPU
	EndGlobalSection
EndGlobal
